
Microsoft Visual Studio Solution File, Format Version 12.00
# Visual Studio 15
Project("{FAE04EC0-301F-11D3-BF4B-00C04F79EFBC}") = "Assembly-CSharp", "Assembly-CSharp.csproj", "{801DE97D-28AE-FF83-AE06-F53DE79599A6}"
EndProject
Project("{FAE04EC0-301F-11D3-BF4B-00C04F79EFBC}") = "Assembly-CSharp-Editor", "Assembly-CSharp-Editor.csproj", "{6CE1C988-315A-1CA4-E632-93F552123E69}"
EndProject
Global
	GlobalSection(SolutionConfigurationPlatforms) = preSolution
		Debug|Any CPU = Debug|Any CPU
		Release|Any CPU = Release|Any CPU
	EndGlobalSection
	GlobalSection(ProjectConfigurationPlatforms) = postSolution
		{801DE97D-28AE-FF83-AE06-F53DE79599A6}.Debug|Any CPU.ActiveCfg = Debug|Any CPU
		{801DE97D-28AE-FF83-AE06-F53DE79599A6}.Debug|Any CPU.Build.0 = Debug|Any CPU
		{801DE97D-28AE-FF83-AE06-F53DE79599A6}.Release|Any CPU.ActiveCfg = Release|Any CPU
		{801DE97D-28AE-FF83-AE06-F53DE79599A6}.Release|Any CPU.Build.0 = Release|Any CPU
		{6CE1C988-315A-1CA4-E632-93F552123E69}.Debug|Any CPU.ActiveCfg = Debug|Any CPU
		{6CE1C988-315A-1CA4-E632-93F552123E69}.Debug|Any CPU.Build.0 = Debug|Any CPU
		{6CE1C988-315A-1CA4-E632-93F552123E69}.Release|Any CPU.ActiveCfg = Release|Any CPU
		{6CE1C988-315A-1CA4-E632-93F552123E69}.Release|Any CPU.Build.0 = Release|Any CPU
	EndGlobalSection
	GlobalSection(SolutionProperties) = preSolution
		HideSolutionNode = FALSE
	EndGlobalSection
EndGlobal
